symfony v2.0.12
twig v1.6.2
monolog 1.0.2
doctrine-common 2.1.4
doctrine-dbal 2.1.6
doctrine 2.1.6
swiftmailer v4.1.5
assetic v1.0.3
twig-extensions feb6d3f10c411e2631997c0a905aa581c80305c1
metadata 1.0.0
SensioFrameworkExtraBundle 1eda94d838aa885e154f92f426df35f2252cdb92
JMSSecurityExtraBundle e752f888c51425f71382c056961f10f2be642102
SensioDistributionBundle 41a6c5caed65f02bb09c95a90579f047616471fd
SensioGeneratorBundle 83b768a487a6878f2bc2ad6859bd61a3651a7885
AsseticBundle v1.0.1
SonataAdminBundle 4b837f47ddf5b60c54951c1aa203e049da70108a
SonataBlockBundle c85e73cc439d98ac6415681477dfee5be40be541
SonataCacheBundle 341ab9ac0315b38d8c600230c39d39c72aba26df
SonatajQueryBundle 01ffb8d1a7a4bb3971aed003e4f1ef050a0701aa
KnpMenuBundle v1.1.0
KnpMenu ca754a2e28f12de4a1c379d15066ad039d1f15b2
Exporter bc5b4dadbaae30e5c349141f8d002063630a8084
SonataDoctrineORMAdminBundle 298cd129b1e79bc3c59f60c4595d89eec8183172
EntityAudit 7db87a55b1bce847d4ac1edb5b0409bc6ef75594
